lockfileVersion: '9.0'

settings:
  autoInstallPeers: true
  excludeLinksFromLockfile: false

importers:

  .:
    dependencies:
      ai:
        specifier: ^6.0.0
        version: 6.0.193(zod@4.4.3)
      ollama-ai-provider-v2:
        specifier: ^1.1.4
        version: 1.5.5(zod@4.4.3)

packages:

  '@ai-sdk/gateway@3.0.121':
    resolution: {integrity: sha512-uY248djJRxa5W68MHiyqO8WLdOeKQoRClGg7PVX/VPhVW8SJNM7/l5DcrA5WAM3YfQrLyNkgZa2VOu8T0t8LUw==}
    engines: {node: '>=18'}
    peerDependencies:
      zod: ^3.25.76 || ^4.1.8

  '@ai-sdk/provider-utils@3.0.25':
    resolution: {integrity: sha512-CvsRu+32Y8a167s+lrIBtsybvgTHp8j9y+6BeTvLeoW3Q+okw/b4CnNUFOLIXsRaKHQKAH+IHNJPYWywfpw0LA==}
    engines: {node: '>=18'}
    peerDependencies:
      zod: ^3.25.76 || ^4.1.8

  '@ai-sdk/provider-utils@4.0.27':
    resolution: {integrity: sha512-ubkAJ+xODouwtmN1tYlvTPphH1hPOBfZaEQe8U7skGvFAnIRs9PPpsq57bC2+Ky/MB4yzhd6YOsxTAx9sGpazw==}
    engines: {node: '>=18'}
    peerDependencies:
      zod: ^3.25.76 || ^4.1.8

  '@ai-sdk/provider@2.0.3':
    resolution: {integrity: sha512-h88OPkavHTiN9tMn2l5awAznGB0lXzjcLhgR1/rvjB2zlLprsNxbM2tt6OJsHUxduLC3klq0/eqaSf6fX5XVww==}
    engines: {node: '>=18'}

  '@ai-sdk/provider@3.0.10':
    resolution: {integrity: sha512-Q3BZ27qfpYqnCYGvE3vt+Qi6LGOF9R5Nmzn+9JoM1lCRsD9mYaIhfJLkSunN48nfGXJ6n+XNV0J/XVpqGQl7Dw==}
    engines: {node: '>=18'}

  '@opentelemetry/api@1.9.1':
    resolution: {integrity: sha512-gLyJlPHPZYdAk1JENA9LeHejZe1Ti77/pTeFm/nMXmQH/HFZlcS/O2XJB+L8fkbrNSqhdtlvjBVjxwUYanNH5Q==}
    engines: {node: '>=8.0.0'}

  '@standard-schema/spec@1.1.0':
    resolution: {integrity: sha512-l2aFy5jALhniG5HgqrD6jXLi/rUWrKvqN/qJx6yoJsgKhblVd+iqqU4RCXavm/jPityDo5TCvKMnpjKnOriy0w==}

  '@vercel/oidc@3.2.0':
    resolution: {integrity: sha512-UycprH3T6n3jH0k44NHMa7pnFHGu/N05MjojYr+Mc6I7obkoLIJujSWwin1pCvdy/eOxrI/l3uDLQsmcrOb4ug==}
    engines: {node: '>= 20'}

  ai@6.0.193:
    resolution: {integrity: sha512-VQOTOse8+X8kMtg61DNSXlYJzwOW4NjMLDJNk/qxClWsFe4oiyFJDHGGG1oezfGcFzuYuQe/8Z7r4kwiZWh2YQ==}
    engines: {node: '>=18'}
    peerDependencies:
      zod: ^3.25.76 || ^4.1.8

  eventsource-parser@3.1.0:
    resolution: {integrity: sha512-kJezFj9YFAMLeORyi7aCLxLbD5/qWMQnoMVlVPyHIll7lgRJCc3JVln9Vgl9nwQi0YkMnhdGTMNn7CkRRAptMg==}
    engines: {node: '>=18.0.0'}

  json-schema@0.4.0:
    resolution: {integrity: sha512-es94M3nTIfsEPisRafak+HDLfHXnKBhV3vU5eqPcS3flIWqcxJWgXHXiey3YrpaNsanY5ei1VoYEbOzijuq9BA==}

  ollama-ai-provider-v2@1.5.5:
    resolution: {integrity: sha512-1YwTFdPjhPNHny/DrOHO+s8oVGGIE5Jib61/KnnjPRNWQhVVimrJJdaAX3e6nNRRDXrY5zbb9cfm2+yVvgsrqw==}
    engines: {node: '>=18'}
    peerDependencies:
      zod: ^4.0.16

  zod@4.4.3:
    resolution: {integrity: sha512-ytENFjIJFl2UwYglde2jchW2Hwm4GJFLDiSXWdTrJQBIN9Fcyp7n4DhxJEiWNAJMV1/BqWfW/kkg71UDcHJyTQ==}

snapshots:

  '@ai-sdk/gateway@3.0.121(zod@4.4.3)':
    dependencies:
      '@ai-sdk/provider': 3.0.10
      '@ai-sdk/provider-utils': 4.0.27(zod@4.4.3)
      '@vercel/oidc': 3.2.0
      zod: 4.4.3

  '@ai-sdk/provider-utils@3.0.25(zod@4.4.3)':
    dependencies:
      '@ai-sdk/provider': 2.0.3
      '@standard-schema/spec': 1.1.0
      eventsource-parser: 3.1.0
      zod: 4.4.3

  '@ai-sdk/provider-utils@4.0.27(zod@4.4.3)':
    dependencies:
      '@ai-sdk/provider': 3.0.10
      '@standard-schema/spec': 1.1.0
      eventsource-parser: 3.1.0
      zod: 4.4.3

  '@ai-sdk/provider@2.0.3':
    dependencies:
      json-schema: 0.4.0

  '@ai-sdk/provider@3.0.10':
    dependencies:
      json-schema: 0.4.0

  '@opentelemetry/api@1.9.1': {}

  '@standard-schema/spec@1.1.0': {}

  '@vercel/oidc@3.2.0': {}

  ai@6.0.193(zod@4.4.3):
    dependencies:
      '@ai-sdk/gateway': 3.0.121(zod@4.4.3)
      '@ai-sdk/provider': 3.0.10
      '@ai-sdk/provider-utils': 4.0.27(zod@4.4.3)
      '@opentelemetry/api': 1.9.1
      zod: 4.4.3

  eventsource-parser@3.1.0: {}

  json-schema@0.4.0: {}

  ollama-ai-provider-v2@1.5.5(zod@4.4.3):
    dependencies:
      '@ai-sdk/provider': 2.0.3
      '@ai-sdk/provider-utils': 3.0.25(zod@4.4.3)
      zod: 4.4.3

  zod@4.4.3: {}
